
Microsoft Visual Studio Solution File, Format Version 12.00
# Visual Studio Version 17
VisualStudioVersion = 17.11.35312.102
MinimumVisualStudioVersion = 10.0.40219.1
Project("{FAE04EC0-301F-11D3-BF4B-00C04F79EFBC}") = "MyMVPApp", "MyMVPApp\MyMVPApp.csproj", "{2B8DF927-09AD-4CFA-BD54-076A8A36C94C}"
EndProject
Project("{FAE04EC0-301F-11D3-BF4B-00C04F79EFBC}") = "MyLib", "MyLib\MyLib.csproj", "{2B78C8A9-26C5-4344-9181-B360AD26E3B1}"
EndProject
Project("{FAE04EC0-301F-11D3-BF4B-00C04F79EFBC}") = "UserCard", "UserCard\UserCard.csproj", "{B4D34096-E2E4-47DE-9B18-C80E90E0A1A8}"
EndProject
Global
	GlobalSection(SolutionConfigurationPlatforms) = preSolution
		Debug|Any CPU = Debug|Any CPU
		Release|Any CPU = Release|Any CPU
	EndGlobalSection
	GlobalSection(ProjectConfigurationPlatforms) = postSolution
		{2B8DF927-09AD-4CFA-BD54-076A8A36C94C}.Debug|Any CPU.ActiveCfg = Debug|Any CPU
		{2B8DF927-09AD-4CFA-BD54-076A8A36C94C}.Debug|Any CPU.Build.0 = Debug|Any CPU
		{2B8DF927-09AD-4CFA-BD54-076A8A36C94C}.Release|Any CPU.ActiveCfg = Release|Any CPU
		{2B8DF927-09AD-4CFA-BD54-076A8A36C94C}.Release|Any CPU.Build.0 = Release|Any CPU
		{2B78C8A9-26C5-4344-9181-B360AD26E3B1}.Debug|Any CPU.ActiveCfg = Debug|Any CPU
		{2B78C8A9-26C5-4344-9181-B360AD26E3B1}.Debug|Any CPU.Build.0 = Debug|Any CPU
		{2B78C8A9-26C5-4344-9181-B360AD26E3B1}.Release|Any CPU.ActiveCfg = Release|Any CPU
		{2B78C8A9-26C5-4344-9181-B360AD26E3B1}.Release|Any CPU.Build.0 = Release|Any CPU
		{B4D34096-E2E4-47DE-9B18-C80E90E0A1A8}.Debug|Any CPU.ActiveCfg = Debug|Any CPU
		{B4D34096-E2E4-47DE-9B18-C80E90E0A1A8}.Debug|Any CPU.Build.0 = Debug|Any CPU
		{B4D34096-E2E4-47DE-9B18-C80E90E0A1A8}.Release|Any CPU.ActiveCfg = Release|Any CPU
		{B4D34096-E2E4-47DE-9B18-C80E90E0A1A8}.Release|Any CPU.Build.0 = Release|Any CPU
	EndGlobalSection
	GlobalSection(SolutionProperties) = preSolution
		HideSolutionNode = FALSE
	EndGlobalSection
	GlobalSection(ExtensibilityGlobals) = postSolution
		SolutionGuid = {ED5B66AB-90E0-4145-A9DE-77776695D9F5}
	EndGlobalSection
EndGlobal
